
Microsoft Visual Studio Solution File, Format Version 12.00
# Visual Studio Version 16
VisualStudioVersion = 16.0.30803.129
MinimumVisualStudioVersion = 10.0.40219.1
Project("{C7167F0D-BC9F-4E6E-AFE1-012C56B48DB5}") = "WinUILoadApp (Package)", "WinUILoadApp\WinUILoadApp (Package)\WinUILoadApp (Package).wapproj", "{6C68683F-EB62-4ED1-A874-15DC786A29A5}"
EndProject
Project("{9A19103F-16F7-4668-BE54-9A1E7A4F7556}") = "WinUILoadApp", "WinUILoadApp\WinUILoadApp\WinUILoadApp.csproj", "{D1AF5B58-2146-479B-96BC-C3CAB42671D5}"
EndProject
Project("{9A19103F-16F7-4668-BE54-9A1E7A4F7556}") = "PluginBase", "PluginBase\PluginBase.csproj", "{F0161043-5E5F-4B0C-8543-13879FEF5CC0}"
EndProject
Project("{9A19103F-16F7-4668-BE54-9A1E7A4F7556}") = "HelloPlugin", "HelloPlugin\HelloPlugin.csproj", "{9878BDF6-CBD1-4290-88FE-440A036700E4}"
EndProject
Project("{9A19103F-16F7-4668-BE54-9A1E7A4F7556}") = "DataProvider", "DataProvider\DataProvider.csproj", "{1AAC29E7-1969-444E-A665-2D23FAE22DA3}"
EndProject
Global
	GlobalSection(SolutionConfigurationPlatforms) = preSolution
		Debug|Any CPU = Debug|Any CPU
		Debug|arm64 = Debug|arm64
		Debug|x64 = Debug|x64
		Debug|x86 = Debug|x86
		Release|Any CPU = Release|Any CPU
		Release|arm64 = Release|arm64
		Release|x64 = Release|x64
		Release|x86 = Release|x86
	EndGlobalSection
	GlobalSection(ProjectConfigurationPlatforms) = postSolution
		{6C68683F-EB62-4ED1-A874-15DC786A29A5}.Debug|Any CPU.ActiveCfg = Debug|x86
		{6C68683F-EB62-4ED1-A874-15DC786A29A5}.Debug|arm64.ActiveCfg = Debug|arm64
		{6C68683F-EB62-4ED1-A874-15DC786A29A5}.Debug|arm64.Build.0 = Debug|arm64
		{6C68683F-EB62-4ED1-A874-15DC786A29A5}.Debug|arm64.Deploy.0 = Debug|arm64
		{6C68683F-EB62-4ED1-A874-15DC786A29A5}.Debug|x64.ActiveCfg = Debug|x64
		{6C68683F-EB62-4ED1-A874-15DC786A29A5}.Debug|x64.Build.0 = Debug|x64
		{6C68683F-EB62-4ED1-A874-15DC786A29A5}.Debug|x64.Deploy.0 = Debug|x64
		{6C68683F-EB62-4ED1-A874-15DC786A29A5}.Debug|x86.ActiveCfg = Debug|x86
		{6C68683F-EB62-4ED1-A874-15DC786A29A5}.Debug|x86.Build.0 = Debug|x86
		{6C68683F-EB62-4ED1-A874-15DC786A29A5}.Debug|x86.Deploy.0 = Debug|x86
		{6C68683F-EB62-4ED1-A874-15DC786A29A5}.Release|Any CPU.ActiveCfg = Release|x86
		{6C68683F-EB62-4ED1-A874-15DC786A29A5}.Release|arm64.ActiveCfg = Release|arm64
		{6C68683F-EB62-4ED1-A874-15DC786A29A5}.Release|arm64.Build.0 = Release|arm64
		{6C68683F-EB62-4ED1-A874-15DC786A29A5}.Release|arm64.Deploy.0 = Release|arm64
		{6C68683F-EB62-4ED1-A874-15DC786A29A5}.Release|x64.ActiveCfg = Release|x64
		{6C68683F-EB62-4ED1-A874-15DC786A29A5}.Release|x64.Build.0 = Release|x64
		{6C68683F-EB62-4ED1-A874-15DC786A29A5}.Release|x64.Deploy.0 = Release|x64
		{6C68683F-EB62-4ED1-A874-15DC786A29A5}.Release|x86.ActiveCfg = Release|x86
		{6C68683F-EB62-4ED1-A874-15DC786A29A5}.Release|x86.Build.0 = Release|x86
		{6C68683F-EB62-4ED1-A874-15DC786A29A5}.Release|x86.Deploy.0 = Release|x86
		{D1AF5B58-2146-479B-96BC-C3CAB42671D5}.Debug|Any CPU.ActiveCfg = Debug|x86
		{D1AF5B58-2146-479B-96BC-C3CAB42671D5}.Debug|arm64.ActiveCfg = Debug|arm64
		{D1AF5B58-2146-479B-96BC-C3CAB42671D5}.Debug|arm64.Build.0 = Debug|arm64
		{D1AF5B58-2146-479B-96BC-C3CAB42671D5}.Debug|x64.ActiveCfg = Debug|x64
		{D1AF5B58-2146-479B-96BC-C3CAB42671D5}.Debug|x64.Build.0 = Debug|x64
		{D1AF5B58-2146-479B-96BC-C3CAB42671D5}.Debug|x86.ActiveCfg = Debug|x86
		{D1AF5B58-2146-479B-96BC-C3CAB42671D5}.Debug|x86.Build.0 = Debug|x86
		{D1AF5B58-2146-479B-96BC-C3CAB42671D5}.Release|Any CPU.ActiveCfg = Release|x86
		{D1AF5B58-2146-479B-96BC-C3CAB42671D5}.Release|arm64.ActiveCfg = Release|arm64
		{D1AF5B58-2146-479B-96BC-C3CAB42671D5}.Release|arm64.Build.0 = Release|arm64
		{D1AF5B58-2146-479B-96BC-C3CAB42671D5}.Release|x64.ActiveCfg = Release|x64
		{D1AF5B58-2146-479B-96BC-C3CAB42671D5}.Release|x64.Build.0 = Release|x64
		{D1AF5B58-2146-479B-96BC-C3CAB42671D5}.Release|x86.ActiveCfg = Release|x86
		{D1AF5B58-2146-479B-96BC-C3CAB42671D5}.Release|x86.Build.0 = Release|x86
		{F0161043-5E5F-4B0C-8543-13879FEF5CC0}.Debug|Any CPU.ActiveCfg = Debug|Any CPU
		{F0161043-5E5F-4B0C-8543-13879FEF5CC0}.Debug|Any CPU.Build.0 = Debug|Any CPU
		{F0161043-5E5F-4B0C-8543-13879FEF5CC0}.Debug|arm64.ActiveCfg = Debug|Any CPU
		{F0161043-5E5F-4B0C-8543-13879FEF5CC0}.Debug|arm64.Build.0 = Debug|Any CPU
		{F0161043-5E5F-4B0C-8543-13879FEF5CC0}.Debug|x64.ActiveCfg = Debug|Any CPU
		{F0161043-5E5F-4B0C-8543-13879FEF5CC0}.Debug|x64.Build.0 = Debug|Any CPU
		{F0161043-5E5F-4B0C-8543-13879FEF5CC0}.Debug|x86.ActiveCfg = Debug|Any CPU
		{F0161043-5E5F-4B0C-8543-13879FEF5CC0}.Debug|x86.Build.0 = Debug|Any CPU
		{F0161043-5E5F-4B0C-8543-13879FEF5CC0}.Release|Any CPU.ActiveCfg = Release|Any CPU
		{F0161043-5E5F-4B0C-8543-13879FEF5CC0}.Release|Any CPU.Build.0 = Release|Any CPU
		{F0161043-5E5F-4B0C-8543-13879FEF5CC0}.Release|arm64.ActiveCfg = Release|Any CPU
		{F0161043-5E5F-4B0C-8543-13879FEF5CC0}.Release|arm64.Build.0 = Release|Any CPU
		{F0161043-5E5F-4B0C-8543-13879FEF5CC0}.Release|x64.ActiveCfg = Release|Any CPU
		{F0161043-5E5F-4B0C-8543-13879FEF5CC0}.Release|x64.Build.0 = Release|Any CPU
		{F0161043-5E5F-4B0C-8543-13879FEF5CC0}.Release|x86.ActiveCfg = Release|Any CPU
		{F0161043-5E5F-4B0C-8543-13879FEF5CC0}.Release|x86.Build.0 = Release|Any CPU
		{9878BDF6-CBD1-4290-88FE-440A036700E4}.Debug|Any CPU.ActiveCfg = Debug|Any CPU
		{9878BDF6-CBD1-4290-88FE-440A036700E4}.Debug|Any CPU.Build.0 = Debug|Any CPU
		{9878BDF6-CBD1-4290-88FE-440A036700E4}.Debug|arm64.ActiveCfg = Debug|Any CPU
		{9878BDF6-CBD1-4290-88FE-440A036700E4}.Debug|arm64.Build.0 = Debug|Any CPU
		{9878BDF6-CBD1-4290-88FE-440A036700E4}.Debug|x64.ActiveCfg = Debug|Any CPU
		{9878BDF6-CBD1-4290-88FE-440A036700E4}.Debug|x64.Build.0 = Debug|Any CPU
		{9878BDF6-CBD1-4290-88FE-440A036700E4}.Debug|x86.ActiveCfg = Debug|Any CPU
		{9878BDF6-CBD1-4290-88FE-440A036700E4}.Debug|x86.Build.0 = Debug|Any CPU
		{9878BDF6-CBD1-4290-88FE-440A036700E4}.Release|Any CPU.ActiveCfg = Release|Any CPU
		{9878BDF6-CBD1-4290-88FE-440A036700E4}.Release|Any CPU.Build.0 = Release|Any CPU
		{9878BDF6-CBD1-4290-88FE-440A036700E4}.Release|arm64.ActiveCfg = Release|Any CPU
		{9878BDF6-CBD1-4290-88FE-440A036700E4}.Release|arm64.Build.0 = Release|Any CPU
		{9878BDF6-CBD1-4290-88FE-440A036700E4}.Release|x64.ActiveCfg = Release|Any CPU
		{9878BDF6-CBD1-4290-88FE-440A036700E4}.Release|x64.Build.0 = Release|Any CPU
		{9878BDF6-CBD1-4290-88FE-440A036700E4}.Release|x86.ActiveCfg = Release|Any CPU
		{9878BDF6-CBD1-4290-88FE-440A036700E4}.Release|x86.Build.0 = Release|Any CPU
		{1AAC29E7-1969-444E-A665-2D23FAE22DA3}.Debug|Any CPU.ActiveCfg = Debug|Any CPU
		{1AAC29E7-1969-444E-A665-2D23FAE22DA3}.Debug|Any CPU.Build.0 = Debug|Any CPU
		{1AAC29E7-1969-444E-A665-2D23FAE22DA3}.Debug|arm64.ActiveCfg = Debug|Any CPU
		{1AAC29E7-1969-444E-A665-2D23FAE22DA3}.Debug|arm64.Build.0 = Debug|Any CPU
		{1AAC29E7-1969-444E-A665-2D23FAE22DA3}.Debug|x64.ActiveCfg = Debug|Any CPU
		{1AAC29E7-1969-444E-A665-2D23FAE22DA3}.Debug|x64.Build.0 = Debug|Any CPU
		{1AAC29E7-1969-444E-A665-2D23FAE22DA3}.Debug|x86.ActiveCfg = Debug|Any CPU
		{1AAC29E7-1969-444E-A665-2D23FAE22DA3}.Debug|x86.Build.0 = Debug|Any CPU
		{1AAC29E7-1969-444E-A665-2D23FAE22DA3}.Release|Any CPU.ActiveCfg = Release|Any CPU
		{1AAC29E7-1969-444E-A665-2D23FAE22DA3}.Release|Any CPU.Build.0 = Release|Any CPU
		{1AAC29E7-1969-444E-A665-2D23FAE22DA3}.Release|arm64.ActiveCfg = Release|Any CPU
		{1AAC29E7-1969-444E-A665-2D23FAE22DA3}.Release|arm64.Build.0 = Release|Any CPU
		{1AAC29E7-1969-444E-A665-2D23FAE22DA3}.Release|x64.ActiveCfg = Release|Any CPU
		{1AAC29E7-1969-444E-A665-2D23FAE22DA3}.Release|x64.Build.0 = Release|Any CPU
		{1AAC29E7-1969-444E-A665-2D23FAE22DA3}.Release|x86.ActiveCfg = Release|Any CPU
		{1AAC29E7-1969-444E-A665-2D23FAE22DA3}.Release|x86.Build.0 = Release|Any CPU
	EndGlobalSection
	GlobalSection(SolutionProperties) = preSolution
		HideSolutionNode = FALSE
	EndGlobalSection
	GlobalSection(ExtensibilityGlobals) = postSolution
		SolutionGuid = {476C2CA7-0878-4281-B36D-69A66C84BF3A}
	EndGlobalSection
EndGlobal
